
Microsoft Visual Studio Solution File, Format Version 12.00
# Visual Studio Version 17
VisualStudioVersion = 17.4.33403.182
MinimumVisualStudioVersion = 10.0.40219.1
Project("{FAE04EC0-301F-11D3-BF4B-00C04F79EFBC}") = "og-image", "og-image\og-image.csproj", "{1558A4BC-059E-4B4B-B685-F1EAEC2C93FC}"
EndProject
Global
	GlobalSection(SolutionConfigurationPlatforms) = preSolution
		Debug|Any CPU = Debug|Any CPU
		Release|Any CPU = Release|Any CPU
	EndGlobalSection
	GlobalSection(ProjectConfigurationPlatforms) = postSolution
		{1558A4BC-059E-4B4B-B685-F1EAEC2C93FC}.Debug|Any CPU.ActiveCfg = Debug|Any CPU
		{1558A4BC-059E-4B4B-B685-F1EAEC2C93FC}.Debug|Any CPU.Build.0 = Debug|Any CPU
		{1558A4BC-059E-4B4B-B685-F1EAEC2C93FC}.Release|Any CPU.ActiveCfg = Release|Any CPU
		{1558A4BC-059E-4B4B-B685-F1EAEC2C93FC}.Release|Any CPU.Build.0 = Release|Any CPU
	EndGlobalSection
	GlobalSection(SolutionProperties) = preSolution
		HideSolutionNode = FALSE
	EndGlobalSection
	GlobalSection(ExtensibilityGlobals) = postSolution
		SolutionGuid = {E5E5A9BF-748F-4ED7-AD85-B22F72E0B88B}
	EndGlobalSection
EndGlobal
